
Microsoft Visual Studio Solution File, Format Version 12.00
# Visual Studio Version 16
VisualStudioVersion = 16.0.32602.291
MinimumVisualStudioVersion = 10.0.40219.1
Project("{FAE04EC0-301F-11D3-BF4B-00C04F79EFBC}") = "NewCalculator", "NewCalculator\NewCalculator.csproj", "{3E4EDD30-91E9-4443-A80E-2DEFF86C9036}"
EndProject
Project("{FAE04EC0-301F-11D3-BF4B-00C04F79EFBC}") = "CalculatorTestProject", "CalculatorTestProject\CalculatorTestProject.csproj", "{C9D54008-875C-4A09-B477-65CE327C8093}"
EndProject
Global
	GlobalSection(SolutionConfigurationPlatforms) = preSolution
		Debug|Any CPU = Debug|Any CPU
		Release|Any CPU = Release|Any CPU
	EndGlobalSection
	GlobalSection(ProjectConfigurationPlatforms) = postSolution
		{3E4EDD30-91E9-4443-A80E-2DEFF86C9036}.Debug|Any CPU.ActiveCfg = Debug|Any CPU
		{3E4EDD30-91E9-4443-A80E-2DEFF86C9036}.Debug|Any CPU.Build.0 = Debug|Any CPU
		{3E4EDD30-91E9-4443-A80E-2DEFF86C9036}.Release|Any CPU.ActiveCfg = Release|Any CPU
		{3E4EDD30-91E9-4443-A80E-2DEFF86C9036}.Release|Any CPU.Build.0 = Release|Any CPU
		{C9D54008-875C-4A09-B477-65CE327C8093}.Debug|Any CPU.ActiveCfg = Debug|Any CPU
		{C9D54008-875C-4A09-B477-65CE327C8093}.Debug|Any CPU.Build.0 = Debug|Any CPU
		{C9D54008-875C-4A09-B477-65CE327C8093}.Release|Any CPU.ActiveCfg = Release|Any CPU
		{C9D54008-875C-4A09-B477-65CE327C8093}.Release|Any CPU.Build.0 = Release|Any CPU
	EndGlobalSection
	GlobalSection(SolutionProperties) = preSolution
		HideSolutionNode = FALSE
	EndGlobalSection
	GlobalSection(ExtensibilityGlobals) = postSolution
		SolutionGuid = {AA9512E2-F16B-43B3-8FFC-0C9CAA07F185}
	EndGlobalSection
EndGlobal
